
Microsoft Visual Studio Solution File, Format Version 12.00
# Visual Studio Version 17
VisualStudioVersion = 17.7.34202.233
MinimumVisualStudioVersion = 10.0.40219.1
Project("{2150E333-8FDC-42A3-9474-1A3956D46DE8}") = "90 Presentation", "90 Presentation", "{0FAB9403-08F9-4CDA-A59B-2BA57B6FE84D}"
EndProject
Project("{2150E333-8FDC-42A3-9474-1A3956D46DE8}") = "60 Modules", "60 Modules", "{C4F127E6-5EFF-4571-BEAD-C1E4E76E8A1E}"
EndProject
Project("{2150E333-8FDC-42A3-9474-1A3956D46DE8}") = "Pubs", "Pubs", "{ACA2EB02-FDAE-49F5-B634-BAB2364AB68C}"
EndProject
Project("{2150E333-8FDC-42A3-9474-1A3956D46DE8}") = "30 Shared", "30 Shared", "{B7E30B94-CA4D-4CA1-9DE9-139BCEDA4A3F}"
EndProject
Project("{9A19103F-16F7-4668-BE54-9A1E7A4F7556}") = "BrewUp.Web.Server", "BrewUp.Web\Server\BrewUp.Web.Server.csproj", "{EB26B1BB-49AD-49BF-B678-A4215EBCE1FF}"
EndProject
Project("{9A19103F-16F7-4668-BE54-9A1E7A4F7556}") = "BrewUp.Web.Client", "BrewUp.Web\Client\BrewUp.Web.Client.csproj", "{B7164994-5C29-4161-A1CA-124FC150F6F1}"
EndProject
Project("{9A19103F-16F7-4668-BE54-9A1E7A4F7556}") = "BrewUp.Web.Shared", "BrewUp.Web.Shared\BrewUp.Web.Shared.csproj", "{25A15912-6C65-4294-93D9-EA0626ED6AD6}"
EndProject
Project("{9A19103F-16F7-4668-BE54-9A1E7A4F7556}") = "BrewUp.Web.Modules.Pubs", "BrewUp.Web.Modules.Pubs\BrewUp.Web.Modules.Pubs.csproj", "{E850E92B-5EE5-4D49-A6DD-6ACF17E99256}"
EndProject
Project("{9A19103F-16F7-4668-BE54-9A1E7A4F7556}") = "BrewUp.Web.Modules.Pubs.Extensions", "BrewUp.Web.Modules.Pubs.Extensions\BrewUp.Web.Modules.Pubs.Extensions.csproj", "{F9A5A995-EDDA-4DBE-83DC-A2E6EB942818}"
EndProject
Project("{2150E333-8FDC-42A3-9474-1A3956D46DE8}") = "Shared", "Shared", "{AB27D71D-040C-4FBA-9BAB-019D6B90B8E5}"
EndProject
Project("{9A19103F-16F7-4668-BE54-9A1E7A4F7556}") = "BrewUp.Web.Modules.Shared", "BrewUp.Web.Modules.Shared\BrewUp.Web.Modules.Shared.csproj", "{2070E207-83CC-495C-86C8-9463DB01C179}"
EndProject
Project("{2150E333-8FDC-42A3-9474-1A3956D46DE8}") = "Production", "Production", "{1701D78D-EF52-4D87-9AEE-A02E7FB9E508}"
EndProject
Project("{9A19103F-16F7-4668-BE54-9A1E7A4F7556}") = "BrewUp.Web.Modules.Production", "BrewUp.Web.Modules.Production\BrewUp.Web.Modules.Production.csproj", "{39C47E75-F15F-4A47-9E16-BD0E15D049A4}"
EndProject
Project("{9A19103F-16F7-4668-BE54-9A1E7A4F7556}") = "BrewUp.Web.Modules.Production.Extensions", "BrewUp.Web.Modules.Production.Extensions\BrewUp.Web.Modules.Production.Extensions.csproj", "{66BB6E5A-4C48-4252-AB73-1E190DE1D8E5}"
EndProject
Project("{2150E333-8FDC-42A3-9474-1A3956D46DE8}") = "Tests", "Tests", "{ED68959A-A1D9-4C08-87AD-5B5DB03B264B}"
EndProject
Project("{2150E333-8FDC-42A3-9474-1A3956D46DE8}") = "Tests", "Tests", "{5A5B7851-2861-4477-B68C-3342F63AEC04}"
EndProject
Project("{9A19103F-16F7-4668-BE54-9A1E7A4F7556}") = "BrewUp.Web.Modules.Production.Tests", "BrewUp.Web.Modules.Production.Tests\BrewUp.Web.Modules.Production.Tests.csproj", "{EF0118A6-9DF7-4751-8A54-D473EF6BFA88}"
EndProject
Project("{9A19103F-16F7-4668-BE54-9A1E7A4F7556}") = "BrewUp.Web.Modules.Pubs.Tests", "BrewUp.Web.Modules.Pubs.Tests\BrewUp.Web.Modules.Pubs.Tests.csproj", "{017F7937-3A85-445A-B4B1-DB166FA76C6B}"
EndProject
Project("{2150E333-8FDC-42A3-9474-1A3956D46DE8}") = "Tests", "Tests", "{B7C89102-6A5A-4F93-B48C-2A5835D966D4}"
EndProject
Project("{9A19103F-16F7-4668-BE54-9A1E7A4F7556}") = "BrewUp.Web.Tests", "BrewUp.Web.Tests\BrewUp.Web.Tests.csproj", "{F71D4502-4669-490E-80CA-7BFF3529B1B6}"
EndProject
Global
	GlobalSection(SolutionConfigurationPlatforms) = preSolution
		Debug|Any CPU = Debug|Any CPU
		Release|Any CPU = Release|Any CPU
	EndGlobalSection
	GlobalSection(ProjectConfigurationPlatforms) = postSolution
		{EB26B1BB-49AD-49BF-B678-A4215EBCE1FF}.Debug|Any CPU.ActiveCfg = Debug|Any CPU
		{EB26B1BB-49AD-49BF-B678-A4215EBCE1FF}.Debug|Any CPU.Build.0 = Debug|Any CPU
		{EB26B1BB-49AD-49BF-B678-A4215EBCE1FF}.Release|Any CPU.ActiveCfg = Release|Any CPU
		{EB26B1BB-49AD-49BF-B678-A4215EBCE1FF}.Release|Any CPU.Build.0 = Release|Any CPU
		{B7164994-5C29-4161-A1CA-124FC150F6F1}.Debug|Any CPU.ActiveCfg = Debug|Any CPU
		{B7164994-5C29-4161-A1CA-124FC150F6F1}.Debug|Any CPU.Build.0 = Debug|Any CPU
		{B7164994-5C29-4161-A1CA-124FC150F6F1}.Release|Any CPU.ActiveCfg = Release|Any CPU
		{B7164994-5C29-4161-A1CA-124FC150F6F1}.Release|Any CPU.Build.0 = Release|Any CPU
		{25A15912-6C65-4294-93D9-EA0626ED6AD6}.Debug|Any CPU.ActiveCfg = Debug|Any CPU
		{25A15912-6C65-4294-93D9-EA0626ED6AD6}.Debug|Any CPU.Build.0 = Debug|Any CPU
		{25A15912-6C65-4294-93D9-EA0626ED6AD6}.Release|Any CPU.ActiveCfg = Release|Any CPU
		{25A15912-6C65-4294-93D9-EA0626ED6AD6}.Release|Any CPU.Build.0 = Release|Any CPU
		{E850E92B-5EE5-4D49-A6DD-6ACF17E99256}.Debug|Any CPU.ActiveCfg = Debug|Any CPU
		{E850E92B-5EE5-4D49-A6DD-6ACF17E99256}.Debug|Any CPU.Build.0 = Debug|Any CPU
		{E850E92B-5EE5-4D49-A6DD-6ACF17E99256}.Release|Any CPU.ActiveCfg = Release|Any CPU
		{E850E92B-5EE5-4D49-A6DD-6ACF17E99256}.Release|Any CPU.Build.0 = Release|Any CPU
		{F9A5A995-EDDA-4DBE-83DC-A2E6EB942818}.Debug|Any CPU.ActiveCfg = Debug|Any CPU
		{F9A5A995-EDDA-4DBE-83DC-A2E6EB942818}.Debug|Any CPU.Build.0 = Debug|Any CPU
		{F9A5A995-EDDA-4DBE-83DC-A2E6EB942818}.Release|Any CPU.ActiveCfg = Release|Any CPU
		{F9A5A995-EDDA-4DBE-83DC-A2E6EB942818}.Release|Any CPU.Build.0 = Release|Any CPU
		{2070E207-83CC-495C-86C8-9463DB01C179}.Debug|Any CPU.ActiveCfg = Debug|Any CPU
		{2070E207-83CC-495C-86C8-9463DB01C179}.Debug|Any CPU.Build.0 = Debug|Any CPU
		{2070E207-83CC-495C-86C8-9463DB01C179}.Release|Any CPU.ActiveCfg = Release|Any CPU
		{2070E207-83CC-495C-86C8-9463DB01C179}.Release|Any CPU.Build.0 = Release|Any CPU
		{39C47E75-F15F-4A47-9E16-BD0E15D049A4}.Debug|Any CPU.ActiveCfg = Debug|Any CPU
		{39C47E75-F15F-4A47-9E16-BD0E15D049A4}.Debug|Any CPU.Build.0 = Debug|Any CPU
		{39C47E75-F15F-4A47-9E16-BD0E15D049A4}.Release|Any CPU.ActiveCfg = Release|Any CPU
		{39C47E75-F15F-4A47-9E16-BD0E15D049A4}.Release|Any CPU.Build.0 = Release|Any CPU
		{66BB6E5A-4C48-4252-AB73-1E190DE1D8E5}.Debug|Any CPU.ActiveCfg = Debug|Any CPU
		{66BB6E5A-4C48-4252-AB73-1E190DE1D8E5}.Debug|Any CPU.Build.0 = Debug|Any CPU
		{66BB6E5A-4C48-4252-AB73-1E190DE1D8E5}.Release|Any CPU.ActiveCfg = Release|Any CPU
		{66BB6E5A-4C48-4252-AB73-1E190DE1D8E5}.Release|Any CPU.Build.0 = Release|Any CPU
		{EF0118A6-9DF7-4751-8A54-D473EF6BFA88}.Debug|Any CPU.ActiveCfg = Debug|Any CPU
		{EF0118A6-9DF7-4751-8A54-D473EF6BFA88}.Debug|Any CPU.Build.0 = Debug|Any CPU
		{EF0118A6-9DF7-4751-8A54-D473EF6BFA88}.Release|Any CPU.ActiveCfg = Release|Any CPU
		{EF0118A6-9DF7-4751-8A54-D473EF6BFA88}.Release|Any CPU.Build.0 = Release|Any CPU
		{017F7937-3A85-445A-B4B1-DB166FA76C6B}.Debug|Any CPU.ActiveCfg = Debug|Any CPU
		{017F7937-3A85-445A-B4B1-DB166FA76C6B}.Debug|Any CPU.Build.0 = Debug|Any CPU
		{017F7937-3A85-445A-B4B1-DB166FA76C6B}.Release|Any CPU.ActiveCfg = Release|Any CPU
		{017F7937-3A85-445A-B4B1-DB166FA76C6B}.Release|Any CPU.Build.0 = Release|Any CPU
		{F71D4502-4669-490E-80CA-7BFF3529B1B6}.Debug|Any CPU.ActiveCfg = Debug|Any CPU
		{F71D4502-4669-490E-80CA-7BFF3529B1B6}.Debug|Any CPU.Build.0 = Debug|Any CPU
		{F71D4502-4669-490E-80CA-7BFF3529B1B6}.Release|Any CPU.ActiveCfg = Release|Any CPU
		{F71D4502-4669-490E-80CA-7BFF3529B1B6}.Release|Any CPU.Build.0 = Release|Any CPU
	EndGlobalSection
	GlobalSection(SolutionProperties) = preSolution
		HideSolutionNode = FALSE
	EndGlobalSection
	GlobalSection(NestedProjects) = preSolution
		{ACA2EB02-FDAE-49F5-B634-BAB2364AB68C} = {C4F127E6-5EFF-4571-BEAD-C1E4E76E8A1E}
		{EB26B1BB-49AD-49BF-B678-A4215EBCE1FF} = {0FAB9403-08F9-4CDA-A59B-2BA57B6FE84D}
		{B7164994-5C29-4161-A1CA-124FC150F6F1} = {0FAB9403-08F9-4CDA-A59B-2BA57B6FE84D}
		{25A15912-6C65-4294-93D9-EA0626ED6AD6} = {B7E30B94-CA4D-4CA1-9DE9-139BCEDA4A3F}
		{E850E92B-5EE5-4D49-A6DD-6ACF17E99256} = {ACA2EB02-FDAE-49F5-B634-BAB2364AB68C}
		{F9A5A995-EDDA-4DBE-83DC-A2E6EB942818} = {ACA2EB02-FDAE-49F5-B634-BAB2364AB68C}
		{AB27D71D-040C-4FBA-9BAB-019D6B90B8E5} = {C4F127E6-5EFF-4571-BEAD-C1E4E76E8A1E}
		{2070E207-83CC-495C-86C8-9463DB01C179} = {AB27D71D-040C-4FBA-9BAB-019D6B90B8E5}
		{1701D78D-EF52-4D87-9AEE-A02E7FB9E508} = {C4F127E6-5EFF-4571-BEAD-C1E4E76E8A1E}
		{39C47E75-F15F-4A47-9E16-BD0E15D049A4} = {1701D78D-EF52-4D87-9AEE-A02E7FB9E508}
		{66BB6E5A-4C48-4252-AB73-1E190DE1D8E5} = {1701D78D-EF52-4D87-9AEE-A02E7FB9E508}
		{ED68959A-A1D9-4C08-87AD-5B5DB03B264B} = {ACA2EB02-FDAE-49F5-B634-BAB2364AB68C}
		{5A5B7851-2861-4477-B68C-3342F63AEC04} = {1701D78D-EF52-4D87-9AEE-A02E7FB9E508}
		{EF0118A6-9DF7-4751-8A54-D473EF6BFA88} = {5A5B7851-2861-4477-B68C-3342F63AEC04}
		{017F7937-3A85-445A-B4B1-DB166FA76C6B} = {ED68959A-A1D9-4C08-87AD-5B5DB03B264B}
		{B7C89102-6A5A-4F93-B48C-2A5835D966D4} = {0FAB9403-08F9-4CDA-A59B-2BA57B6FE84D}
		{F71D4502-4669-490E-80CA-7BFF3529B1B6} = {B7C89102-6A5A-4F93-B48C-2A5835D966D4}
	EndGlobalSection
	GlobalSection(ExtensibilityGlobals) = postSolution
		SolutionGuid = {33F57FD4-1824-4E85-A49D-CF11912A45E9}
	EndGlobalSection
EndGlobal
